
Microsoft Visual Studio Solution File, Format Version 12.00
# Visual Studio Version 17
VisualStudioVersion = 17.3.32728.150
MinimumVisualStudioVersion = 10.0.40219.1
Project("{9A19103F-16F7-4668-BE54-9A1E7A4F7556}") = "Photo Gallery", "Photo Gallery\Photo Gallery.csproj", "{3C8AE517-F642-4F2C-B08E-72D8F436EE68}"
EndProject
Project("{9A19103F-16F7-4668-BE54-9A1E7A4F7556}") = "UnitTests", "UnitTests\UnitTests.csproj", "{32363F99-C256-4178-BE6E-D84D7859595B}"
EndProject
Project("{2150E333-8FDC-42A3-9474-1A3956D46DE8}") = "Solution Items", "Solution Items", "{9DC6156B-64E9-4325-A2C3-3FA6B962695A}"
	ProjectSection(SolutionItems) = preProject
		.editorconfig = .editorconfig
	EndProjectSection
EndProject
Global
	GlobalSection(SolutionConfigurationPlatforms) = preSolution
		Debug|Any CPU = Debug|Any CPU
		Release|Any CPU = Release|Any CPU
	EndGlobalSection
	GlobalSection(ProjectConfigurationPlatforms) = postSolution
		{3C8AE517-F642-4F2C-B08E-72D8F436EE68}.Debug|Any CPU.ActiveCfg = Debug|Any CPU
		{3C8AE517-F642-4F2C-B08E-72D8F436EE68}.Debug|Any CPU.Build.0 = Debug|Any CPU
		{3C8AE517-F642-4F2C-B08E-72D8F436EE68}.Release|Any CPU.ActiveCfg = Release|Any CPU
		{3C8AE517-F642-4F2C-B08E-72D8F436EE68}.Release|Any CPU.Build.0 = Release|Any CPU
		{32363F99-C256-4178-BE6E-D84D7859595B}.Debug|Any CPU.ActiveCfg = Debug|Any CPU
		{32363F99-C256-4178-BE6E-D84D7859595B}.Debug|Any CPU.Build.0 = Debug|Any CPU
		{32363F99-C256-4178-BE6E-D84D7859595B}.Release|Any CPU.ActiveCfg = Release|Any CPU
		{32363F99-C256-4178-BE6E-D84D7859595B}.Release|Any CPU.Build.0 = Release|Any CPU
	EndGlobalSection
	GlobalSection(SolutionProperties) = preSolution
		HideSolutionNode = FALSE
	EndGlobalSection
	GlobalSection(ExtensibilityGlobals) = postSolution
		SolutionGuid = {5081CE5F-A040-47F9-A511-EE0D4DF13ED8}
	EndGlobalSection
EndGlobal
